// !$*UTF8*$!
{
	archiveVersion = 1;
	classes = {
	};
	objectVersion = 50;
	objects = {

/* Begin PBXBuildFile section */
		0087E303DAB981C1D2C21CF2 /* Pods_fitgramTests.framework in Frameworks */ = {isa = PBXBuildFile; fileRef = DF409EE695EEACE9BA276B2E /* Pods_fitgramTests.framework */; };
		2CD9F66E5FB62E76983F9856 /* Pods_fitgram.framework in Frameworks */ = {isa = PBXBuildFile; fileRef = 2350F7B9E6CC8CA91E259263 /* Pods_fitgram.framework */; };
		33C5B433F0FAA4CBDB6F699A /* Pods_fitgramUITests.framework in Frameworks */ = {isa = PBXBuildFile; fileRef = 2EDAA5CB49F608E8519E04FD /* Pods_fitgramUITests.framework */; };
		3F288B32236A8410004B8B3C /* FoodDiaryTagViewController.swift in Sources */ = {isa = PBXBuildFile; fileRef = 3F288B31236A8410004B8B3C /* FoodDiaryTagViewController.swift */; };
		3F288B34236A8423004B8B3C /* FoodDiaryTagView.swift in Sources */ = {isa = PBXBuildFile; fileRef = 3F288B33236A8423004B8B3C /* FoodDiaryTagView.swift */; };
		3F4FC7B42355D0CD00E119E3 /* AppDelegate.swift in Sources */ = {isa = PBXBuildFile; fileRef = 3F4FC7B32355D0CD00E119E3 /* AppDelegate.swift */; };
		3F4FC7B92355D0CD00E119E3 /* Main.storyboard in Resources */ = {isa = PBXBuildFile; fileRef = 3F4FC7B72355D0CD00E119E3 /* Main.storyboard */; };
		3F4FC7BB2355D0CF00E119E3 /* Assets.xcassets in Resources */ = {isa = PBXBuildFile; fileRef = 3F4FC7BA2355D0CF00E119E3 /* Assets.xcassets */; };
		3F4FC7BE2355D0CF00E119E3 /* LaunchScreen.storyboard in Resources */ = {isa = PBXBuildFile; fileRef = 3F4FC7BC2355D0CF00E119E3 /* LaunchScreen.storyboard */; };
		3F4FC7C92355D0CF00E119E3 /* fitgramTests.swift in Sources */ = {isa = PBXBuildFile; fileRef = 3F4FC7C82355D0CF00E119E3 /* fitgramTests.swift */; };
		3F4FC7D42355D0CF00E119E3 /* fitgramUITests.swift in Sources */ = {isa = PBXBuildFile; fileRef = 3F4FC7D32355D0CF00E119E3 /* fitgramUITests.swift */; };
		3F4FC7EB2355D49E00E119E3 /* ViewPagerTabView.swift in Sources */ = {isa = PBXBuildFile; fileRef = 3F4FC7E72355D49E00E119E3 /* ViewPagerTabView.swift */; };
		3F4FC7EC2355D49E00E119E3 /* ViewPagerOptions.swift in Sources */ = {isa = PBXBuildFile; fileRef = 3F4FC7E82355D49E00E119E3 /* ViewPagerOptions.swift */; };
		3F4FC7ED2355D49E00E119E3 /* ViewPager.swift in Sources */ = {isa = PBXBuildFile; fileRef = 3F4FC7E92355D49E00E119E3 /* ViewPager.swift */; };
		3F4FC7EE2355D49E00E119E3 /* ViewPagerTab.swift in Sources */ = {isa = PBXBuildFile; fileRef = 3F4FC7EA2355D49E00E119E3 /* ViewPagerTab.swift */; };
		3F4FC7F52355D4AF00E119E3 /* RecipeModel.swift in Sources */ = {isa = PBXBuildFile; fileRef = 3F4FC7EF2355D4AF00E119E3 /* RecipeModel.swift */; };
		3F4FC7F62355D4AF00E119E3 /* IngredientModel.swift in Sources */ = {isa = PBXBuildFile; fileRef = 3F4FC7F02355D4AF00E119E3 /* IngredientModel.swift */; };
		3F4FC7F72355D4AF00E119E3 /* StepModel.swift in Sources */ = {isa = PBXBuildFile; fileRef = 3F4FC7F12355D4AF00E119E3 /* StepModel.swift */; };
		3F4FC7F82355D4AF00E119E3 /* ImageDataModel.swift in Sources */ = {isa = PBXBuildFile; fileRef = 3F4FC7F22355D4AF00E119E3 /* ImageDataModel.swift */; };
		3F4FC7F92355D4AF00E119E3 /* GroceryItem.swift in Sources */ = {isa = PBXBuildFile; fileRef = 3F4FC7F32355D4AF00E119E3 /* GroceryItem.swift */; };
		3F4FC7FA2355D4AF00E119E3 /* RecommendationModel.swift in Sources */ = {isa = PBXBuildFile; fileRef = 3F4FC7F42355D4AF00E119E3 /* RecommendationModel.swift */; };
		3F4FC7FD2355D4BA00E119E3 /* HomeTabViewController.swift in Sources */ = {isa = PBXBuildFile; fileRef = 3F4FC7FB2355D4BA00E119E3 /* HomeTabViewController.swift */; };
		3F4FC7FE2355D4BA00E119E3 /* MoreViewController.swift in Sources */ = {isa = PBXBuildFile; fileRef = 3F4FC7FC2355D4BA00E119E3 /* MoreViewController.swift */; };
		3F4FC8052355D4D000E119E3 /* RecommendHomeCollectionCell.swift in Sources */ = {isa = PBXBuildFile; fileRef = 3F4FC8002355D4D000E119E3 /* RecommendHomeCollectionCell.swift */; };
		3F4FC8062355D4D000E119E3 /* RecommendHomeTableCell.swift in Sources */ = {isa = PBXBuildFile; fileRef = 3F4FC8012355D4D000E119E3 /* RecommendHomeTableCell.swift */; };
		3F4FC8072355D4D000E119E3 /* RecommendHomeView.swift in Sources */ = {isa = PBXBuildFile; fileRef = 3F4FC8022355D4D000E119E3 /* RecommendHomeView.swift */; };
		3F4FC8082355D4D000E119E3 /* RecommendHomeViewController.swift in Sources */ = {isa = PBXBuildFile; fileRef = 3F4FC8032355D4D000E119E3 /* RecommendHomeViewController.swift */; };
		3F4FC8092355D4D000E119E3 /* RecommendationCollectionFlowLayout.swift in Sources */ = {isa = PBXBuildFile; fileRef = 3F4FC8042355D4D000E119E3 /* RecommendationCollectionFlowLayout.swift */; };
		3F4FC80E2355D4EC00E119E3 /* CookingStepViewController.swift in Sources */ = {isa = PBXBuildFile; fileRef = 3F4FC80B2355D4EC00E119E3 /* CookingStepViewController.swift */; };
		3F4FC80F2355D4EC00E119E3 /* CookingDetailViewController.swift in Sources */ = {isa = PBXBuildFile; fileRef = 3F4FC80C2355D4EC00E119E3 /* CookingDetailViewController.swift */; };
		3F4FC8102355D4EC00E119E3 /* CookinStepView.swift in Sources */ = {isa = PBXBuildFile; fileRef = 3F4FC80D2355D4EC00E119E3 /* CookinStepView.swift */; };
		3F4FC8132355D4FF00E119E3 /* FoodDiaryViewController.swift in Sources */ = {isa = PBXBuildFile; fileRef = 3F4FC8122355D4FF00E119E3 /* FoodDiaryViewController.swift */; };
		3F4FC8182355D51200E119E3 /* GroceryTableCell.swift in Sources */ = {isa = PBXBuildFile; fileRef = 3F4FC8152355D51100E119E3 /* GroceryTableCell.swift */; };
		3F4FC8192355D51200E119E3 /* GroceryListViewController.swift in Sources */ = {isa = PBXBuildFile; fileRef = 3F4FC8162355D51100E119E3 /* GroceryListViewController.swift */; };
		3F4FC81A2355D51200E119E3 /* GroceryListView.swift in Sources */ = {isa = PBXBuildFile; fileRef = 3F4FC8172355D51100E119E3 /* GroceryListView.swift */; };
		3F4FC81F2355D52500E119E3 /* GroceryDetailViewController.swift in Sources */ = {isa = PBXBuildFile; fileRef = 3F4FC81C2355D52500E119E3 /* GroceryDetailViewController.swift */; };
		3F4FC8202355D52500E119E3 /* GroceryDetailView.swift in Sources */ = {isa = PBXBuildFile; fileRef = 3F4FC81D2355D52500E119E3 /* GroceryDetailView.swift */; };
		3F4FC8212355D52500E119E3 /* GroceryIngredientCell.swift in Sources */ = {isa = PBXBuildFile; fileRef = 3F4FC81E2355D52500E119E3 /* GroceryIngredientCell.swift */; };
		3F4FC8242355D56800E119E3 /* ProgressViewController.swift in Sources */ = {isa = PBXBuildFile; fileRef = 3F4FC8232355D56800E119E3 /* ProgressViewController.swift */; };
		3F4FC82C2355D57D00E119E3 /* NutritionCardView.swift in Sources */ = {isa = PBXBuildFile; fileRef = 3F4FC8262355D57D00E119E3 /* NutritionCardView.swift */; };
		3F4FC82D2355D57D00E119E3 /* RecipeDetailTableCell.swift in Sources */ = {isa = PBXBuildFile; fileRef = 3F4FC8272355D57D00E119E3 /* RecipeDetailTableCell.swift */; };
		3F4FC82E2355D57D00E119E3 /* RecipeDetailViewController.swift in Sources */ = {isa = PBXBuildFile; fileRef = 3F4FC8282355D57D00E119E3 /* RecipeDetailViewController.swift */; };
		3F4FC82F2355D57D00E119E3 /* RecipeDetailView.swift in Sources */ = {isa = PBXBuildFile; fileRef = 3F4FC8292355D57D00E119E3 /* RecipeDetailView.swift */; };
		3F4FC8302355D57D00E119E3 /* RecipeFooterView.swift in Sources */ = {isa = PBXBuildFile; fileRef = 3F4FC82A2355D57D00E119E3 /* RecipeFooterView.swift */; };
		3F4FC8312355D57D00E119E3 /* RecipeHeaderView.swift in Sources */ = {isa = PBXBuildFile; fileRef = 3F4FC82B2355D57D00E119E3 /* RecipeHeaderView.swift */; };
		3F4FC8342355D59700E119E3 /* CustomAVController.swift in Sources */ = {isa = PBXBuildFile; fileRef = 3F4FC8332355D59700E119E3 /* CustomAVController.swift */; };
		3F4FC83C23570D9A00E119E3 /* protobuffer in Resources */ = {isa = PBXBuildFile; fileRef = 3F4FC83B23570D9A00E119E3 /* protobuffer */; };
		3F4FC83F235811FD00E119E3 /* RecommendationDataManager.swift in Sources */ = {isa = PBXBuildFile; fileRef = 3F4FC83E235811FD00E119E3 /* RecommendationDataManager.swift */; };
		3F4FC844235861FC00E119E3 /* user_info.pb.swift in Sources */ = {isa = PBXBuildFile; fileRef = 3F4FC842235861FC00E119E3 /* user_info.pb.swift */; };
		3F4FC845235861FC00E119E3 /* login.pb.swift in Sources */ = {isa = PBXBuildFile; fileRef = 3F4FC843235861FC00E119E3 /* login.pb.swift */; };
		3F4FC8482358620800E119E3 /* login.grpc.swift in Sources */ = {isa = PBXBuildFile; fileRef = 3F4FC8462358620800E119E3 /* login.grpc.swift */; };
		3F4FC8492358620800E119E3 /* user_info.grpc.swift in Sources */ = {isa = PBXBuildFile; fileRef = 3F4FC8472358620800E119E3 /* user_info.grpc.swift */; };
		3F4FC84B23595DE400E119E3 /* LoginDataManager.swift in Sources */ = {isa = PBXBuildFile; fileRef = 3F4FC84A23595DE400E119E3 /* LoginDataManager.swift */; };
		3F4FC8532359A2AA00E119E3 /* ProfileViewController.swift in Sources */ = {isa = PBXBuildFile; fileRef = 3F4FC8522359A2AA00E119E3 /* ProfileViewController.swift */; };
		3F4FC8552359A2B300E119E3 /* ProfileView.swift in Sources */ = {isa = PBXBuildFile; fileRef = 3F4FC8542359A2B300E119E3 /* ProfileView.swift */; };
		3F4FC8572359A56100E119E3 /* ProfileTableCell.swift in Sources */ = {isa = PBXBuildFile; fileRef = 3F4FC8562359A56100E119E3 /* ProfileTableCell.swift */; };
		3F4FC8592359A9A200E119E3 /* ProfileModel.swift in Sources */ = {isa = PBXBuildFile; fileRef = 3F4FC8582359A9A200E119E3 /* ProfileModel.swift */; };
		3F4FC85B235D628B00E119E3 /* LaunchPageViewControler.swift in Sources */ = {isa = PBXBuildFile; fileRef = 3F4FC85A235D628B00E119E3 /* LaunchPageViewControler.swift */; };
		3F4FC85E235D87A100E119E3 /* Constants.swift in Sources */ = {isa = PBXBuildFile; fileRef = 3F4FC85D235D87A100E119E3 /* Constants.swift */; };
		3F4FC860235EDF2600E119E3 /* ProfileDataService.swift in Sources */ = {isa = PBXBuildFile; fileRef = 3F4FC85F235EDF2600E119E3 /* ProfileDataService.swift */; };
		3F4FC86A2361486F00E119E3 /* recommendation.pb.swift in Sources */ = {isa = PBXBuildFile; fileRef = 3F4FC8692361486F00E119E3 /* recommendation.pb.swift */; };
		3F4FC86C2361487B00E119E3 /* recommendation.grpc.swift in Sources */ = {isa = PBXBuildFile; fileRef = 3F4FC86B2361487B00E119E3 /* recommendation.grpc.swift */; };
		3F4FC86E2362D1F800E119E3 /* ProfileAvatarCell.swift in Sources */ = {isa = PBXBuildFile; fileRef = 3F4FC86D2362D1F800E119E3 /* ProfileAvatarCell.swift */; };
/* End PBXBuildFile section */

/* Begin PBXContainerItemProxy section */
		3F4FC7C52355D0CF00E119E3 /* PBXContainerItemProxy */ = {
			isa = PBXContainerItemProxy;
			containerPortal = 3F4FC7A82355D0CD00E119E3 /* Project object */;
			proxyType = 1;
			remoteGlobalIDString = 3F4FC7AF2355D0CD00E119E3;
			remoteInfo = fitgram;
		};
		3F4FC7D02355D0CF00E119E3 /* PBXContainerItemProxy */ = {
			isa = PBXContainerItemProxy;
			containerPortal = 3F4FC7A82355D0CD00E119E3 /* Project object */;
			proxyType = 1;
			remoteGlobalIDString = 3F4FC7AF2355D0CD00E119E3;
			remoteInfo = fitgram;
		};
/* End PBXContainerItemProxy section */

/* Begin PBXFileReference section */
		0891FC7D36A3FC598552315F /* Pods-fitgramUITests.debug.xcconfig */ = {isa = PBXFileReference; includeInIndex = 1; lastKnownFileType = text.xcconfig; name = "Pods-fitgramUITests.debug.xcconfig"; path = "Pods/Target Support Files/Pods-fitgramUITests/Pods-fitgramUITests.debug.xcconfig"; sourceTree = "<group>"; };
		1BDDEF0C18BE8D14A8C9C3C8 /* Pods-fitgramTests.debug.xcconfig */ = {isa = PBXFileReference; includeInIndex = 1; lastKnownFileType = text.xcconfig; name = "Pods-fitgramTests.debug.xcconfig"; path = "Pods/Target Support Files/Pods-fitgramTests/Pods-fitgramTests.debug.xcconfig"; sourceTree = "<group>"; };
		2350F7B9E6CC8CA91E259263 /* Pods_fitgram.framework */ = {isa = PBXFileReference; explicitFileType = wrapper.framework; includeInIndex = 0; path = Pods_fitgram.framework; sourceTree = BUILT_PRODUCTS_DIR; };
		251A9D2228C00BE0FC5ED597 /* Pods-fitgramTests.release.xcconfig */ = {isa = PBXFileReference; includeInIndex = 1; lastKnownFileType = text.xcconfig; name = "Pods-fitgramTests.release.xcconfig"; path = "Pods/Target Support Files/Pods-fitgramTests/Pods-fitgramTests.release.xcconfig"; sourceTree = "<group>"; };
		251FD795F7F7469D48EBFC0E /* Pods-fitgram.debug.xcconfig */ = {isa = PBXFileReference; includeInIndex = 1; lastKnownFileType = text.xcconfig; name = "Pods-fitgram.debug.xcconfig"; path = "Pods/Target Support Files/Pods-fitgram/Pods-fitgram.debug.xcconfig"; sourceTree = "<group>"; };
		2EDAA5CB49F608E8519E04FD /* Pods_fitgramUITests.framework */ = {isa = PBXFileReference; explicitFileType = wrapper.framework; includeInIndex = 0; path = Pods_fitgramUITests.framework; sourceTree = BUILT_PRODUCTS_DIR; };
		335E2D42D00A90EC15280EFB /* Pods-fitgramUITests.release.xcconfig */ = {isa = PBXFileReference; includeInIndex = 1; lastKnownFileType = text.xcconfig; name = "Pods-fitgramUITests.release.xcconfig"; path = "Pods/Target Support Files/Pods-fitgramUITests/Pods-fitgramUITests.release.xcconfig"; sourceTree = "<group>"; };
		3F288B31236A8410004B8B3C /* FoodDiaryTagViewController.swift */ = {isa = PBXFileReference; lastKnownFileType = sourcecode.swift; path = FoodDiaryTagViewController.swift; sourceTree = "<group>"; };
		3F288B33236A8423004B8B3C /* FoodDiaryTagView.swift */ = {isa = PBXFileReference; lastKnownFileType = sourcecode.swift; path = FoodDiaryTagView.swift; sourceTree = "<group>"; };
		3F4FC7B02355D0CD00E119E3 /* fitgram.app */ = {isa = PBXFileReference; explicitFileType = wrapper.application; includeInIndex = 0; path = fitgram.app; sourceTree = BUILT_PRODUCTS_DIR; };
		3F4FC7B32355D0CD00E119E3 /* AppDelegate.swift */ = {isa = PBXFileReference; lastKnownFileType = sourcecode.swift; path = AppDelegate.swift; sourceTree = "<group>"; };
		3F4FC7B82355D0CD00E119E3 /* Base */ = {isa = PBXFileReference; lastKnownFileType = file.storyboard; name = Base; path = Base.lproj/Main.storyboard; sourceTree = "<group>"; };
		3F4FC7BA2355D0CF00E119E3 /* Assets.xcassets */ = {isa = PBXFileReference; lastKnownFileType = folder.assetcatalog; path = Assets.xcassets; sourceTree = "<group>"; };
		3F4FC7BD2355D0CF00E119E3 /* Base */ = {isa = PBXFileReference; lastKnownFileType = file.storyboard; name = Base; path = Base.lproj/LaunchScreen.storyboard; sourceTree = "<group>"; };
		3F4FC7BF2355D0CF00E119E3 /* Info.plist */ = {isa = PBXFileReference; lastKnownFileType = text.plist.xml; path = Info.plist; sourceTree = "<group>"; };
		3F4FC7C42355D0CF00E119E3 /* fitgramTests.xctest */ = {isa = PBXFileReference; explicitFileType = wrapper.cfbundle; includeInIndex = 0; path = fitgramTests.xctest; sourceTree = BUILT_PRODUCTS_DIR; };
		3F4FC7C82355D0CF00E119E3 /* fitgramTests.swift */ = {isa = PBXFileReference; lastKnownFileType = sourcecode.swift; path = fitgramTests.swift; sourceTree = "<group>"; };
		3F4FC7CA2355D0CF00E119E3 /* Info.plist */ = {isa = PBXFileReference; lastKnownFileType = text.plist.xml; path = Info.plist; sourceTree = "<group>"; };
		3F4FC7CF2355D0CF00E119E3 /* fitgramUITests.xctest */ = {isa = PBXFileReference; explicitFileType = wrapper.cfbundle; includeInIndex = 0; path = fitgramUITests.xctest; sourceTree = BUILT_PRODUCTS_DIR; };
		3F4FC7D32355D0CF00E119E3 /* fitgramUITests.swift */ = {isa = PBXFileReference; lastKnownFileType = sourcecode.swift; path = fitgramUITests.swift; sourceTree = "<group>"; };
		3F4FC7D52355D0CF00E119E3 /* Info.plist */ = {isa = PBXFileReference; lastKnownFileType = text.plist.xml; path = Info.plist; sourceTree = "<group>"; };
		3F4FC7E72355D49E00E119E3 /* ViewPagerTabView.swift */ = {isa = PBXFileReference; fileEncoding = 4; lastKnownFileType = sourcecode.swift; path = ViewPagerTabView.swift; sourceTree = "<group>"; };
		3F4FC7E82355D49E00E119E3 /* ViewPagerOptions.swift */ = {isa = PBXFileReference; fileEncoding = 4; lastKnownFileType = sourcecode.swift; path = ViewPagerOptions.swift; sourceTree = "<group>"; };
		3F4FC7E92355D49E00E119E3 /* ViewPager.swift */ = {isa = PBXFileReference; fileEncoding = 4; lastKnownFileType = sourcecode.swift; path = ViewPager.swift; sourceTree = "<group>"; };
		3F4FC7EA2355D49E00E119E3 /* ViewPagerTab.swift */ = {isa = PBXFileReference; fileEncoding = 4; lastKnownFileType = sourcecode.swift; path = ViewPagerTab.swift; sourceTree = "<group>"; };
		3F4FC7EF2355D4AF00E119E3 /* RecipeModel.swift */ = {isa = PBXFileReference; fileEncoding = 4; lastKnownFileType = sourcecode.swift; path = RecipeModel.swift; sourceTree = "<group>"; };
		3F4FC7F02355D4AF00E119E3 /* IngredientModel.swift */ = {isa = PBXFileReference; fileEncoding = 4; lastKnownFileType = sourcecode.swift; path = IngredientModel.swift; sourceTree = "<group>"; };
		3F4FC7F12355D4AF00E119E3 /* StepModel.swift */ = {isa = PBXFileReference; fileEncoding = 4; lastKnownFileType = sourcecode.swift; path = StepModel.swift; sourceTree = "<group>"; };
		3F4FC7F22355D4AF00E119E3 /* ImageDataModel.swift */ = {isa = PBXFileReference; fileEncoding = 4; lastKnownFileType = sourcecode.swift; path = ImageDataModel.swift; sourceTree = "<group>"; };
		3F4FC7F32355D4AF00E119E3 /* GroceryItem.swift */ = {isa = PBXFileReference; fileEncoding = 4; lastKnownFileType = sourcecode.swift; path = GroceryItem.swift; sourceTree = "<group>"; };
		3F4FC7F42355D4AF00E119E3 /* RecommendationModel.swift */ = {isa = PBXFileReference; fileEncoding = 4; lastKnownFileType = sourcecode.swift; path = RecommendationModel.swift; sourceTree = "<group>"; };
		3F4FC7FB2355D4BA00E119E3 /* HomeTabViewController.swift */ = {isa = PBXFileReference; fileEncoding = 4; lastKnownFileType = sourcecode.swift; path = HomeTabViewController.swift; sourceTree = "<group>"; };
		3F4FC7FC2355D4BA00E119E3 /* MoreViewController.swift */ = {isa = PBXFileReference; fileEncoding = 4; lastKnownFileType = sourcecode.swift; path = MoreViewController.swift; sourceTree = "<group>"; };
		3F4FC8002355D4D000E119E3 /* RecommendHomeCollectionCell.swift */ = {isa = PBXFileReference; fileEncoding = 4; lastKnownFileType = sourcecode.swift; path = RecommendHomeCollectionCell.swift; sourceTree = "<group>"; };
		3F4FC8012355D4D000E119E3 /* RecommendHomeTableCell.swift */ = {isa = PBXFileReference; fileEncoding = 4; lastKnownFileType = sourcecode.swift; path = RecommendHomeTableCell.swift; sourceTree = "<group>"; };
		3F4FC8022355D4D000E119E3 /* RecommendHomeView.swift */ = {isa = PBXFileReference; fileEncoding = 4; lastKnownFileType = sourcecode.swift; path = RecommendHomeView.swift; sourceTree = "<group>"; };
		3F4FC8032355D4D000E119E3 /* RecommendHomeViewController.swift */ = {isa = PBXFileReference; fileEncoding = 4; lastKnownFileType = sourcecode.swift; path = RecommendHomeViewController.swift; sourceTree = "<group>"; };
		3F4FC8042355D4D000E119E3 /* RecommendationCollectionFlowLayout.swift */ = {isa = PBXFileReference; fileEncoding = 4; lastKnownFileType = sourcecode.swift; path = RecommendationCollectionFlowLayout.swift; sourceTree = "<group>"; };
		3F4FC80B2355D4EC00E119E3 /* CookingStepViewController.swift */ = {isa = PBXFileReference; fileEncoding = 4; lastKnownFileType = sourcecode.swift; path = CookingStepViewController.swift; sourceTree = "<group>"; };
		3F4FC80C2355D4EC00E119E3 /* CookingDetailViewController.swift */ = {isa = PBXFileReference; fileEncoding = 4; lastKnownFileType = sourcecode.swift; path = CookingDetailViewController.swift; sourceTree = "<group>"; };
		3F4FC80D2355D4EC00E119E3 /* CookinStepView.swift */ = {isa = PBXFileReference; fileEncoding = 4; lastKnownFileType = sourcecode.swift; path = CookinStepView.swift; sourceTree = "<group>"; };
		3F4FC8122355D4FF00E119E3 /* FoodDiaryViewController.swift */ = {isa = PBXFileReference; fileEncoding = 4; lastKnownFileType = sourcecode.swift; path = FoodDiaryViewController.swift; sourceTree = "<group>"; };
		3F4FC8152355D51100E119E3 /* GroceryTableCell.swift */ = {isa = PBXFileReference; fileEncoding = 4; lastKnownFileType = sourcecode.swift; path = GroceryTableCell.swift; sourceTree = "<group>"; };
		3F4FC8162355D51100E119E3 /* GroceryListViewController.swift */ = {isa = PBXFileReference; fileEncoding = 4; lastKnownFileType = sourcecode.swift; path = GroceryListViewController.swift; sourceTree = "<group>"; };
		3F4FC8172355D51100E119E3 /* GroceryListView.swift */ = {isa = PBXFileReference; fileEncoding = 4; lastKnownFileType = sourcecode.swift; path = GroceryListView.swift; sourceTree = "<group>"; };
		3F4FC81C2355D52500E119E3 /* GroceryDetailViewController.swift */ = {isa = PBXFileReference; fileEncoding = 4; lastKnownFileType = sourcecode.swift; path = GroceryDetailViewController.swift; sourceTree = "<group>"; };
		3F4FC81D2355D52500E119E3 /* GroceryDetailView.swift */ = {isa = PBXFileReference; fileEncoding = 4; lastKnownFileType = sourcecode.swift; path = GroceryDetailView.swift; sourceTree = "<group>"; };
		3F4FC81E2355D52500E119E3 /* GroceryIngredientCell.swift */ = {isa = PBXFileReference; fileEncoding = 4; lastKnownFileType = sourcecode.swift; path = GroceryIngredientCell.swift; sourceTree = "<group>"; };
		3F4FC8232355D56800E119E3 /* ProgressViewController.swift */ = {isa = PBXFileReference; fileEncoding = 4; lastKnownFileType = sourcecode.swift; path = ProgressViewController.swift; sourceTree = "<group>"; };
		3F4FC8262355D57D00E119E3 /* NutritionCardView.swift */ = {isa = PBXFileReference; fileEncoding = 4; lastKnownFileType = sourcecode.swift; path = NutritionCardView.swift; sourceTree = "<group>"; };
		3F4FC8272355D57D00E119E3 /* RecipeDetailTableCell.swift */ = {isa = PBXFileReference; fileEncoding = 4; lastKnownFileType = sourcecode.swift; path = RecipeDetailTableCell.swift; sourceTree = "<group>"; };
		3F4FC8282355D57D00E119E3 /* RecipeDetailViewController.swift */ = {isa = PBXFileReference; fileEncoding = 4; lastKnownFileType = sourcecode.swift; path = RecipeDetailViewController.swift; sourceTree = "<group>"; };
		3F4FC8292355D57D00E119E3 /* RecipeDetailView.swift */ = {isa = PBXFileReference; fileEncoding = 4; lastKnownFileType = sourcecode.swift; path = RecipeDetailView.swift; sourceTree = "<group>"; };
		3F4FC82A2355D57D00E119E3 /* RecipeFooterView.swift */ = {isa = PBXFileReference; fileEncoding = 4; lastKnownFileType = sourcecode.swift; path = RecipeFooterView.swift; sourceTree = "<group>"; };
		3F4FC82B2355D57D00E119E3 /* RecipeHeaderView.swift */ = {isa = PBXFileReference; fileEncoding = 4; lastKnownFileType = sourcecode.swift; path = RecipeHeaderView.swift; sourceTree = "<group>"; };
		3F4FC8332355D59700E119E3 /* CustomAVController.swift */ = {isa = PBXFileReference; fileEncoding = 4; lastKnownFileType = sourcecode.swift; path = CustomAVController.swift; sourceTree = "<group>"; };
		3F4FC83B23570D9A00E119E3 /* protobuffer */ = {isa = PBXFileReference; lastKnownFileType = folder; path = protobuffer; sourceTree = "<group>"; };
		3F4FC83E235811FD00E119E3 /* RecommendationDataManager.swift */ = {isa = PBXFileReference; lastKnownFileType = sourcecode.swift; path = RecommendationDataManager.swift; sourceTree = "<group>"; };
		3F4FC842235861FC00E119E3 /* user_info.pb.swift */ = {isa = PBXFileReference; fileEncoding = 4; lastKnownFileType = sourcecode.swift; path = user_info.pb.swift; sourceTree = "<group>"; };
		3F4FC843235861FC00E119E3 /* login.pb.swift */ = {isa = PBXFileReference; fileEncoding = 4; lastKnownFileType = sourcecode.swift; path = login.pb.swift; sourceTree = "<group>"; };
		3F4FC8462358620800E119E3 /* login.grpc.swift */ = {isa = PBXFileReference; fileEncoding = 4; lastKnownFileType = sourcecode.swift; path = login.grpc.swift; sourceTree = "<group>"; };
		3F4FC8472358620800E119E3 /* user_info.grpc.swift */ = {isa = PBXFileReference; fileEncoding = 4; lastKnownFileType = sourcecode.swift; path = user_info.grpc.swift; sourceTree = "<group>"; };
		3F4FC84A23595DE400E119E3 /* LoginDataManager.swift */ = {isa = PBXFileReference; lastKnownFileType = sourcecode.swift; path = LoginDataManager.swift; sourceTree = "<group>"; };
		3F4FC8522359A2AA00E119E3 /* ProfileViewController.swift */ = {isa = PBXFileReference; lastKnownFileType = sourcecode.swift; path = ProfileViewController.swift; sourceTree = "<group>"; };
		3F4FC8542359A2B300E119E3 /* ProfileView.swift */ = {isa = PBXFileReference; lastKnownFileType = sourcecode.swift; path = ProfileView.swift; sourceTree = "<group>"; };
		3F4FC8562359A56100E119E3 /* ProfileTableCell.swift */ = {isa = PBXFileReference; lastKnownFileType = sourcecode.swift; path = ProfileTableCell.swift; sourceTree = "<group>"; };
		3F4FC8582359A9A200E119E3 /* ProfileModel.swift */ = {isa = PBXFileReference; lastKnownFileType = sourcecode.swift; path = ProfileModel.swift; sourceTree = "<group>"; };
		3F4FC85A235D628B00E119E3 /* LaunchPageViewControler.swift */ = {isa = PBXFileReference; lastKnownFileType = sourcecode.swift; path = LaunchPageViewControler.swift; sourceTree = "<group>"; };
		3F4FC85D235D87A100E119E3 /* Constants.swift */ = {isa = PBXFileReference; lastKnownFileType = sourcecode.swift; path = Constants.swift; sourceTree = "<group>"; };
		3F4FC85F235EDF2600E119E3 /* ProfileDataService.swift */ = {isa = PBXFileReference; lastKnownFileType = sourcecode.swift; path = ProfileDataService.swift; sourceTree = "<group>"; };
		3F4FC8692361486F00E119E3 /* recommendation.pb.swift */ = {isa = PBXFileReference; fileEncoding = 4; lastKnownFileType = sourcecode.swift; path = recommendation.pb.swift; sourceTree = "<group>"; };
		3F4FC86B2361487B00E119E3 /* recommendation.grpc.swift */ = {isa = PBXFileReference; fileEncoding = 4; lastKnownFileType = sourcecode.swift; path = recommendation.grpc.swift; sourceTree = "<group>"; };
		3F4FC86D2362D1F800E119E3 /* ProfileAvatarCell.swift */ = {isa = PBXFileReference; lastKnownFileType = sourcecode.swift; path = ProfileAvatarCell.swift; sourceTree = "<group>"; };
		B35A9FBCB9C16941669597C0 /* Pods-fitgram.release.xcconfig */ = {isa = PBXFileReference; includeInIndex = 1; lastKnownFileType = text.xcconfig; name = "Pods-fitgram.release.xcconfig"; path = "Pods/Target Support Files/Pods-fitgram/Pods-fitgram.release.xcconfig"; sourceTree = "<group>"; };
		DF409EE695EEACE9BA276B2E /* Pods_fitgramTests.framework */ = {isa = PBXFileReference; explicitFileType = wrapper.framework; includeInIndex = 0; path = Pods_fitgramTests.framework; sourceTree = BUILT_PRODUCTS_DIR; };
/* End PBXFileReference section */

/* Begin PBXFrameworksBuildPhase section */
		3F4FC7AD2355D0CD00E119E3 /* Frameworks */ = {
			isa = PBXFrameworksBuildPhase;
			buildActionMask = 2147483647;
			files = (
				2CD9F66E5FB62E76983F9856 /* Pods_fitgram.framework in Frameworks */,
			);
			runOnlyForDeploymentPostprocessing = 0;
		};
		3F4FC7C12355D0CF00E119E3 /* Frameworks */ = {
			isa = PBXFrameworksBuildPhase;
			buildActionMask = 2147483647;
			files = (
				0087E303DAB981C1D2C21CF2 /* Pods_fitgramTests.framework in Frameworks */,
			);
			runOnlyForDeploymentPostprocessing = 0;
		};
		3F4FC7CC2355D0CF00E119E3 /* Frameworks */ = {
			isa = PBXFrameworksBuildPhase;
			buildActionMask = 2147483647;
			files = (
				33C5B433F0FAA4CBDB6F699A /* Pods_fitgramUITests.framework in Frameworks */,
			);
			runOnlyForDeploymentPostprocessing = 0;
		};
/* End PBXFrameworksBuildPhase section */

/* Begin PBXGroup section */
		3F288B2F2367D329004B8B3C /* Account */ = {
			isa = PBXGroup;
			children = (
			);
			path = Account;
			sourceTree = "<group>";
		};
		3F288B30236A83CF004B8B3C /* FoodDiaryTagging */ = {
			isa = PBXGroup;
			children = (
				3F288B31236A8410004B8B3C /* FoodDiaryTagViewController.swift */,
				3F288B33236A8423004B8B3C /* FoodDiaryTagView.swift */,
			);
			path = FoodDiaryTagging;
			sourceTree = "<group>";
		};
		3F4FC7A72355D0CD00E119E3 = {
			isa = PBXGroup;
			children = (
				3F4FC7B22355D0CD00E119E3 /* fitgram */,
				3F4FC7C72355D0CF00E119E3 /* fitgramTests */,
				3F4FC7D22355D0CF00E119E3 /* fitgramUITests */,
				3F4FC7B12355D0CD00E119E3 /* Products */,
				4F30D82CFF6C8131C8C7A926 /* Pods */,
				D06E9CFCB68CAD2D9F4E6874 /* Frameworks */,
			);
			sourceTree = "<group>";
		};
		3F4FC7B12355D0CD00E119E3 /* Products */ = {
			isa = PBXGroup;
			children = (
				3F4FC7B02355D0CD00E119E3 /* fitgram.app */,
				3F4FC7C42355D0CF00E119E3 /* fitgramTests.xctest */,
				3F4FC7CF2355D0CF00E119E3 /* fitgramUITests.xctest */,
			);
			name = Products;
			sourceTree = "<group>";
		};
		3F4FC7B22355D0CD00E119E3 /* fitgram */ = {
			isa = PBXGroup;
			children = (
				3F4FC85C235D878E00E119E3 /* Constant */,
				3F4FC83823570AB000E119E3 /* Networking */,
				3F4FC7E32355D42E00E119E3 /* Utils */,
				3F4FC7E22355D41B00E119E3 /* Model */,
				3F4FC7E12355D40200E119E3 /* Pages */,
				3F4FC7B32355D0CD00E119E3 /* AppDelegate.swift */,
				3F4FC7B72355D0CD00E119E3 /* Main.storyboard */,
				3F4FC7BA2355D0CF00E119E3 /* Assets.xcassets */,
				3F4FC7BC2355D0CF00E119E3 /* LaunchScreen.storyboard */,
				3F4FC7BF2355D0CF00E119E3 /* Info.plist */,
			);
			path = fitgram;
			sourceTree = "<group>";
		};
		3F4FC7C72355D0CF00E119E3 /* fitgramTests */ = {
			isa = PBXGroup;
			children = (
				3F4FC7C82355D0CF00E119E3 /* fitgramTests.swift */,
				3F4FC7CA2355D0CF00E119E3 /* Info.plist */,
			);
			path = fitgramTests;
			sourceTree = "<group>";
		};
		3F4FC7D22355D0CF00E119E3 /* fitgramUITests */ = {
			isa = PBXGroup;
			children = (
				3F4FC7D32355D0CF00E119E3 /* fitgramUITests.swift */,
				3F4FC7D52355D0CF00E119E3 /* Info.plist */,
			);
			path = fitgramUITests;
			sourceTree = "<group>";
		};
		3F4FC7E12355D40200E119E3 /* Pages */ = {
			isa = PBXGroup;
			children = (
				3F288B2F2367D329004B8B3C /* Account */,
				3F4FC8502359A19600E119E3 /* More */,
				3F4FC8322355D58B00E119E3 /* VideoPlay */,
				3F4FC8252355D56C00E119E3 /* RecipeDetail */,
				3F4FC8222355D55A00E119E3 /* Progress */,
				3F4FC8142355D50300E119E3 /* GroceryList */,
				3F4FC8112355D4F100E119E3 /* FoodDiary */,
				3F4FC80A2355D4D700E119E3 /* CookingDetail */,
				3F4FC7FF2355D4C100E119E3 /* Home */,
				3F4FC7FB2355D4BA00E119E3 /* HomeTabViewController.swift */,
				3F4FC85A235D628B00E119E3 /* LaunchPageViewControler.swift */,
			);
			path = Pages;
			sourceTree = "<group>";
		};
		3F4FC7E22355D41B00E119E3 /* Model */ = {
			isa = PBXGroup;
			children = (
				3F4FC7F32355D4AF00E119E3 /* GroceryItem.swift */,
				3F4FC7F22355D4AF00E119E3 /* ImageDataModel.swift */,
				3F4FC7F02355D4AF00E119E3 /* IngredientModel.swift */,
				3F4FC7EF2355D4AF00E119E3 /* RecipeModel.swift */,
				3F4FC7F42355D4AF00E119E3 /* RecommendationModel.swift */,
				3F4FC7F12355D4AF00E119E3 /* StepModel.swift */,
				3F4FC8582359A9A200E119E3 /* ProfileModel.swift */,
			);
			path = Model;
			sourceTree = "<group>";
		};
		3F4FC7E32355D42E00E119E3 /* Utils */ = {
			isa = PBXGroup;
			children = (
				3F4FC7E62355D48800E119E3 /* ViewPager-Swift */,
			);
			path = Utils;
			sourceTree = "<group>";
		};
		3F4FC7E62355D48800E119E3 /* ViewPager-Swift */ = {
			isa = PBXGroup;
			children = (
				3F4FC7E92355D49E00E119E3 /* ViewPager.swift */,
				3F4FC7E82355D49E00E119E3 /* ViewPagerOptions.swift */,
				3F4FC7EA2355D49E00E119E3 /* ViewPagerTab.swift */,
				3F4FC7E72355D49E00E119E3 /* ViewPagerTabView.swift */,
			);
			path = "ViewPager-Swift";
			sourceTree = "<group>";
		};
		3F4FC7FF2355D4C100E119E3 /* Home */ = {
			isa = PBXGroup;
			children = (
				3F4FC8042355D4D000E119E3 /* RecommendationCollectionFlowLayout.swift */,
				3F4FC8002355D4D000E119E3 /* RecommendHomeCollectionCell.swift */,
				3F4FC8012355D4D000E119E3 /* RecommendHomeTableCell.swift */,
				3F4FC8022355D4D000E119E3 /* RecommendHomeView.swift */,
				3F4FC8032355D4D000E119E3 /* RecommendHomeViewController.swift */,
			);
			path = Home;
			sourceTree = "<group>";
		};
		3F4FC80A2355D4D700E119E3 /* CookingDetail */ = {
			isa = PBXGroup;
			children = (
				3F4FC80C2355D4EC00E119E3 /* CookingDetailViewController.swift */,
				3F4FC80B2355D4EC00E119E3 /* CookingStepViewController.swift */,
				3F4FC80D2355D4EC00E119E3 /* CookinStepView.swift */,
			);
			path = CookingDetail;
			sourceTree = "<group>";
		};
		3F4FC8112355D4F100E119E3 /* FoodDiary */ = {
			isa = PBXGroup;
			children = (
				3F288B30236A83CF004B8B3C /* FoodDiaryTagging */,
				3F4FC8122355D4FF00E119E3 /* FoodDiaryViewController.swift */,
			);
			path = FoodDiary;
			sourceTree = "<group>";
		};
		3F4FC8142355D50300E119E3 /* GroceryList */ = {
			isa = PBXGroup;
			children = (
				3F4FC81B2355D51600E119E3 /* GroceryDetail */,
				3F4FC8172355D51100E119E3 /* GroceryListView.swift */,
				3F4FC8162355D51100E119E3 /* GroceryListViewController.swift */,
				3F4FC8152355D51100E119E3 /* GroceryTableCell.swift */,
			);
			path = GroceryList;
			sourceTree = "<group>";
		};
		3F4FC81B2355D51600E119E3 /* GroceryDetail */ = {
			isa = PBXGroup;
			children = (
				3F4FC81D2355D52500E119E3 /* GroceryDetailView.swift */,
				3F4FC81C2355D52500E119E3 /* GroceryDetailViewController.swift */,
				3F4FC81E2355D52500E119E3 /* GroceryIngredientCell.swift */,
			);
			path = GroceryDetail;
			sourceTree = "<group>";
		};
		3F4FC8222355D55A00E119E3 /* Progress */ = {
			isa = PBXGroup;
			children = (
				3F4FC8232355D56800E119E3 /* ProgressViewController.swift */,
			);
			path = Progress;
			sourceTree = "<group>";
		};
		3F4FC8252355D56C00E119E3 /* RecipeDetail */ = {
			isa = PBXGroup;
			children = (
				3F4FC8262355D57D00E119E3 /* NutritionCardView.swift */,
				3F4FC8272355D57D00E119E3 /* RecipeDetailTableCell.swift */,
				3F4FC8292355D57D00E119E3 /* RecipeDetailView.swift */,
				3F4FC8282355D57D00E119E3 /* RecipeDetailViewController.swift */,
				3F4FC82A2355D57D00E119E3 /* RecipeFooterView.swift */,
				3F4FC82B2355D57D00E119E3 /* RecipeHeaderView.swift */,
			);
			path = RecipeDetail;
			sourceTree = "<group>";
		};
		3F4FC8322355D58B00E119E3 /* VideoPlay */ = {
			isa = PBXGroup;
			children = (
				3F4FC8332355D59700E119E3 /* CustomAVController.swift */,
			);
			path = VideoPlay;
			sourceTree = "<group>";
		};
		3F4FC83823570AB000E119E3 /* Networking */ = {
			isa = PBXGroup;
			children = (
				3F4FC841235861E400E119E3 /* Model */,
				3F4FC840235861D200E119E3 /* Service */,
				3F4FC83D2358116E00E119E3 /* DataManager */,
				3F4FC83B23570D9A00E119E3 /* protobuffer */,
			);
			path = Networking;
			sourceTree = "<group>";
		};
		3F4FC83D2358116E00E119E3 /* DataManager */ = {
			isa = PBXGroup;
			children = (
				3F4FC83E235811FD00E119E3 /* RecommendationDataManager.swift */,
				3F4FC84A23595DE400E119E3 /* LoginDataManager.swift */,
				3F4FC85F235EDF2600E119E3 /* ProfileDataService.swift */,
			);
			path = DataManager;
			sourceTree = "<group>";
		};
		3F4FC840235861D200E119E3 /* Service */ = {
			isa = PBXGroup;
			children = (
				3F4FC8462358620800E119E3 /* login.grpc.swift */,
				3F4FC8472358620800E119E3 /* user_info.grpc.swift */,
				3F4FC86B2361487B00E119E3 /* recommendation.grpc.swift */,
			);
			path = Service;
			sourceTree = "<group>";
		};
		3F4FC841235861E400E119E3 /* Model */ = {
			isa = PBXGroup;
			children = (
				3F4FC8692361486F00E119E3 /* recommendation.pb.swift */,
				3F4FC843235861FC00E119E3 /* login.pb.swift */,
				3F4FC842235861FC00E119E3 /* user_info.pb.swift */,
			);
			path = Model;
			sourceTree = "<group>";
		};
		3F4FC8502359A19600E119E3 /* More */ = {
			isa = PBXGroup;
			children = (
				3F4FC8512359A29C00E119E3 /* Profile */,
				3F4FC7FC2355D4BA00E119E3 /* MoreViewController.swift */,
			);
			path = More;
			sourceTree = "<group>";
		};
		3F4FC8512359A29C00E119E3 /* Profile */ = {
			isa = PBXGroup;
			children = (
				3F4FC8522359A2AA00E119E3 /* ProfileViewController.swift */,
				3F4FC8542359A2B300E119E3 /* ProfileView.swift */,
				3F4FC8562359A56100E119E3 /* ProfileTableCell.swift */,
				3F4FC86D2362D1F800E119E3 /* ProfileAvatarCell.swift */,
			);
			path = Profile;
			sourceTree = "<group>";
		};
		3F4FC85C235D878E00E119E3 /* Constant */ = {
			isa = PBXGroup;
			children = (
				3F4FC85D235D87A100E119E3 /* Constants.swift */,
			);
			path = Constant;
			sourceTree = "<group>";
		};
		4F30D82CFF6C8131C8C7A926 /* Pods */ = {
			isa = PBXGroup;
			children = (
				251FD795F7F7469D48EBFC0E /* Pods-fitgram.debug.xcconfig */,
				B35A9FBCB9C16941669597C0 /* Pods-fitgram.release.xcconfig */,
				1BDDEF0C18BE8D14A8C9C3C8 /* Pods-fitgramTests.debug.xcconfig */,
				251A9D2228C00BE0FC5ED597 /* Pods-fitgramTests.release.xcconfig */,
				0891FC7D36A3FC598552315F /* Pods-fitgramUITests.debug.xcconfig */,
				335E2D42D00A90EC15280EFB /* Pods-fitgramUITests.release.xcconfig */,
			);
			name = Pods;
			sourceTree = "<group>";
		};
		D06E9CFCB68CAD2D9F4E6874 /* Frameworks */ = {
			isa = PBXGroup;
			children = (
				2350F7B9E6CC8CA91E259263 /* Pods_fitgram.framework */,
				DF409EE695EEACE9BA276B2E /* Pods_fitgramTests.framework */,
				2EDAA5CB49F608E8519E04FD /* Pods_fitgramUITests.framework */,
			);
			name = Frameworks;
			sourceTree = "<group>";
		};
/* End PBXGroup section */

/* Begin PBXNativeTarget section */
		3F4FC7AF2355D0CD00E119E3 /* fitgram */ = {
			isa = PBXNativeTarget;
			buildConfigurationList = 3F4FC7D82355D0CF00E119E3 /* Build configuration list for PBXNativeTarget "fitgram" */;
			buildPhases = (
				7AD9F3447CD7D654FC09BE86 /* [CP] Check Pods Manifest.lock */,
				3F4FC7AC2355D0CD00E119E3 /* Sources */,
				3F4FC7AD2355D0CD00E119E3 /* Frameworks */,
				3F4FC7AE2355D0CD00E119E3 /* Resources */,
				15B3C43201C5903AA910E164 /* [CP] Embed Pods Frameworks */,
			);
			buildRules = (
			);
			dependencies = (
			);
			name = fitgram;
			productName = fitgram;
			productReference = 3F4FC7B02355D0CD00E119E3 /* fitgram.app */;
			productType = "com.apple.product-type.application";
		};
		3F4FC7C32355D0CF00E119E3 /* fitgramTests */ = {
			isa = PBXNativeTarget;
			buildConfigurationList = 3F4FC7DB2355D0CF00E119E3 /* Build configuration list for PBXNativeTarget "fitgramTests" */;
			buildPhases = (
				E5AD0100F4A41AA62FFC45E3 /* [CP] Check Pods Manifest.lock */,
				3F4FC7C02355D0CF00E119E3 /* Sources */,
				3F4FC7C12355D0CF00E119E3 /* Frameworks */,
				3F4FC7C22355D0CF00E119E3 /* Resources */,
			);
			buildRules = (
			);
			dependencies = (
				3F4FC7C62355D0CF00E119E3 /* PBXTargetDependency */,
			);
			name = fitgramTests;
			productName = fitgramTests;
			productReference = 3F4FC7C42355D0CF00E119E3 /* fitgramTests.xctest */;
			productType = "com.apple.product-type.bundle.unit-test";
		};
		3F4FC7CE2355D0CF00E119E3 /* fitgramUITests */ = {
			isa = PBXNativeTarget;
			buildConfigurationList = 3F4FC7DE2355D0CF00E119E3 /* Build configuration list for PBXNativeTarget "fitgramUITests" */;
			buildPhases = (
				C9DB88F913BDDF71E0FCA37F /* [CP] Check Pods Manifest.lock */,
				3F4FC7CB2355D0CF00E119E3 /* Sources */,
				3F4FC7CC2355D0CF00E119E3 /* Frameworks */,
				3F4FC7CD2355D0CF00E119E3 /* Resources */,
			);
			buildRules = (
			);
			dependencies = (
				3F4FC7D12355D0CF00E119E3 /* PBXTargetDependency */,
			);
			name = fitgramUITests;
			productName = fitgramUITests;
			productReference = 3F4FC7CF2355D0CF00E119E3 /* fitgramUITests.xctest */;
			productType = "com.apple.product-type.bundle.ui-testing";
		};
/* End PBXNativeTarget section */

/* Begin PBXProject section */
		3F4FC7A82355D0CD00E119E3 /* Project object */ = {
			isa = PBXProject;
			attributes = {
				LastSwiftUpdateCheck = 1020;
				LastUpgradeCheck = 1020;
				ORGANIZATIONNAME = "boyuan lin";
				TargetAttributes = {
					3F4FC7AF2355D0CD00E119E3 = {
						CreatedOnToolsVersion = 10.2.1;
					};
					3F4FC7C32355D0CF00E119E3 = {
						CreatedOnToolsVersion = 10.2.1;
						TestTargetID = 3F4FC7AF2355D0CD00E119E3;
					};
					3F4FC7CE2355D0CF00E119E3 = {
						CreatedOnToolsVersion = 10.2.1;
						TestTargetID = 3F4FC7AF2355D0CD00E119E3;
					};
				};
			};
			buildConfigurationList = 3F4FC7AB2355D0CD00E119E3 /* Build configuration list for PBXProject "fitgram" */;
			compatibilityVersion = "Xcode 9.3";
			developmentRegion = en;
			hasScannedForEncodings = 0;
			knownRegions = (
				en,
				Base,
			);
			mainGroup = 3F4FC7A72355D0CD00E119E3;
			productRefGroup = 3F4FC7B12355D0CD00E119E3 /* Products */;
			projectDirPath = "";
			projectRoot = "";
			targets = (
				3F4FC7AF2355D0CD00E119E3 /* fitgram */,
				3F4FC7C32355D0CF00E119E3 /* fitgramTests */,
				3F4FC7CE2355D0CF00E119E3 /* fitgramUITests */,
			);
		};
/* End PBXProject section */

/* Begin PBXResourcesBuildPhase section */
		3F4FC7AE2355D0CD00E119E3 /* Resources */ = {
			isa = PBXResourcesBuildPhase;
			buildActionMask = 2147483647;
			files = (
				3F4FC7BE2355D0CF00E119E3 /* LaunchScreen.storyboard in Resources */,
				3F4FC83C23570D9A00E119E3 /* protobuffer in Resources */,
				3F4FC7BB2355D0CF00E119E3 /* Assets.xcassets in Resources */,
				3F4FC7B92355D0CD00E119E3 /* Main.storyboard in Resources */,
			);
			runOnlyForDeploymentPostprocessing = 0;
		};
		3F4FC7C22355D0CF00E119E3 /* Resources */ = {
			isa = PBXResourcesBuildPhase;
			buildActionMask = 2147483647;
			files = (
			);
			runOnlyForDeploymentPostprocessing = 0;
		};
		3F4FC7CD2355D0CF00E119E3 /* Resources */ = {
			isa = PBXResourcesBuildPhase;
			buildActionMask = 2147483647;
			files = (
			);
			runOnlyForDeploymentPostprocessing = 0;
		};
/* End PBXResourcesBuildPhase section */

/* Begin PBXShellScriptBuildPhase section */
		15B3C43201C5903AA910E164 /* [CP] Embed Pods Frameworks */ = {
			isa = PBXShellScriptBuildPhase;
			buildActionMask = 2147483647;
			files = (
			);
			inputFileListPaths = (
			);
			inputPaths = (
				"${SRCROOT}/Pods/Target Support Files/Pods-fitgram/Pods-fitgram-frameworks.sh",
				"${BUILT_PRODUCTS_DIR}/AADraggableView/AADraggableView.framework",
				"${BUILT_PRODUCTS_DIR}/ASPCircleChart/ASPCircleChart.framework",
				"${BUILT_PRODUCTS_DIR}/BoringSSL-GRPC/openssl_grpc.framework",
				"${BUILT_PRODUCTS_DIR}/Kingfisher/Kingfisher.framework",
				"${BUILT_PRODUCTS_DIR}/SteviaLayout/Stevia.framework",
				"${BUILT_PRODUCTS_DIR}/SwiftGRPC/SwiftGRPC.framework",
				"${BUILT_PRODUCTS_DIR}/SwiftProtobuf/SwiftProtobuf.framework",
				"${BUILT_PRODUCTS_DIR}/gRPC-Core/grpc.framework",
				"${BUILT_PRODUCTS_DIR}/nanopb/nanopb.framework",
			);
			name = "[CP] Embed Pods Frameworks";
			outputFileListPaths = (
			);
			outputPaths = (
				"${TARGET_BUILD_DIR}/${FRAMEWORKS_FOLDER_PATH}/AADraggableView.framework",
				"${TARGET_BUILD_DIR}/${FRAMEWORKS_FOLDER_PATH}/ASPCircleChart.framework",
				"${TARGET_BUILD_DIR}/${FRAMEWORKS_FOLDER_PATH}/openssl_grpc.framework",
				"${TARGET_BUILD_DIR}/${FRAMEWORKS_FOLDER_PATH}/Kingfisher.framework",
				"${TARGET_BUILD_DIR}/${FRAMEWORKS_FOLDER_PATH}/Stevia.framework",
				"${TARGET_BUILD_DIR}/${FRAMEWORKS_FOLDER_PATH}/SwiftGRPC.framework",
				"${TARGET_BUILD_DIR}/${FRAMEWORKS_FOLDER_PATH}/SwiftProtobuf.framework",
				"${TARGET_BUILD_DIR}/${FRAMEWORKS_FOLDER_PATH}/grpc.framework",
				"${TARGET_BUILD_DIR}/${FRAMEWORKS_FOLDER_PATH}/nanopb.framework",
			);
			runOnlyForDeploymentPostprocessing = 0;
			shellPath = /bin/sh;
			shellScript = "\"${SRCROOT}/Pods/Target Support Files/Pods-fitgram/Pods-fitgram-frameworks.sh\"\n";
			showEnvVarsInLog = 0;
		};
		7AD9F3447CD7D654FC09BE86 /* [CP] Check Pods Manifest.lock */ = {
			isa = PBXShellScriptBuildPhase;
			buildActionMask = 2147483647;
			files = (
			);
			inputFileListPaths = (
			);
			inputPaths = (
				"${PODS_PODFILE_DIR_PATH}/Podfile.lock",
				"${PODS_ROOT}/Manifest.lock",
			);
			name = "[CP] Check Pods Manifest.lock";
			outputFileListPaths = (
			);
			outputPaths = (
				"$(DERIVED_FILE_DIR)/Pods-fitgram-checkManifestLockResult.txt",
			);
			runOnlyForDeploymentPostprocessing = 0;
			shellPath = /bin/sh;
			shellScript = "diff \"${PODS_PODFILE_DIR_PATH}/Podfile.lock\" \"${PODS_ROOT}/Manifest.lock\" > /dev/null\nif [ $? != 0 ] ; then\n    # print error to STDERR\n    echo \"error: The sandbox is not in sync with the Podfile.lock. Run 'pod install' or update your CocoaPods installation.\" >&2\n    exit 1\nfi\n# This output is used by Xcode 'outputs' to avoid re-running this script phase.\necho \"SUCCESS\" > \"${SCRIPT_OUTPUT_FILE_0}\"\n";
			showEnvVarsInLog = 0;
		};
		C9DB88F913BDDF71E0FCA37F /* [CP] Check Pods Manifest.lock */ = {
			isa = PBXShellScriptBuildPhase;
			buildActionMask = 2147483647;
			files = (
			);
			inputFileListPaths = (
			);
			inputPaths = (
				"${PODS_PODFILE_DIR_PATH}/Podfile.lock",
				"${PODS_ROOT}/Manifest.lock",
			);
			name = "[CP] Check Pods Manifest.lock";
			outputFileListPaths = (
			);
			outputPaths = (
				"$(DERIVED_FILE_DIR)/Pods-fitgramUITests-checkManifestLockResult.txt",
			);
			runOnlyForDeploymentPostprocessing = 0;
			shellPath = /bin/sh;
			shellScript = "diff \"${PODS_PODFILE_DIR_PATH}/Podfile.lock\" \"${PODS_ROOT}/Manifest.lock\" > /dev/null\nif [ $? != 0 ] ; then\n    # print error to STDERR\n    echo \"error: The sandbox is not in sync with the Podfile.lock. Run 'pod install' or update your CocoaPods installation.\" >&2\n    exit 1\nfi\n# This output is used by Xcode 'outputs' to avoid re-running this script phase.\necho \"SUCCESS\" > \"${SCRIPT_OUTPUT_FILE_0}\"\n";
			showEnvVarsInLog = 0;
		};
		E5AD0100F4A41AA62FFC45E3 /* [CP] Check Pods Manifest.lock */ = {
			isa = PBXShellScriptBuildPhase;
			buildActionMask = 2147483647;
			files = (
			);
			inputFileListPaths = (
			);
			inputPaths = (
				"${PODS_PODFILE_DIR_PATH}/Podfile.lock",
				"${PODS_ROOT}/Manifest.lock",
			);
			name = "[CP] Check Pods Manifest.lock";
			outputFileListPaths = (
			);
			outputPaths = (
				"$(DERIVED_FILE_DIR)/Pods-fitgramTests-checkManifestLockResult.txt",
			);
			runOnlyForDeploymentPostprocessing = 0;
			shellPath = /bin/sh;
			shellScript = "diff \"${PODS_PODFILE_DIR_PATH}/Podfile.lock\" \"${PODS_ROOT}/Manifest.lock\" > /dev/null\nif [ $? != 0 ] ; then\n    # print error to STDERR\n    echo \"error: The sandbox is not in sync with the Podfile.lock. Run 'pod install' or update your CocoaPods installation.\" >&2\n    exit 1\nfi\n# This output is used by Xcode 'outputs' to avoid re-running this script phase.\necho \"SUCCESS\" > \"${SCRIPT_OUTPUT_FILE_0}\"\n";
			showEnvVarsInLog = 0;
		};
/* End PBXShellScriptBuildPhase section */

/* Begin PBXSourcesBuildPhase section */
		3F4FC7AC2355D0CD00E119E3 /* Sources */ = {
			isa = PBXSourcesBuildPhase;
			buildActionMask = 2147483647;
			files = (
				3F4FC7F52355D4AF00E119E3 /* RecipeModel.swift in Sources */,
				3F4FC7F82355D4AF00E119E3 /* ImageDataModel.swift in Sources */,
				3F4FC8492358620800E119E3 /* user_info.grpc.swift in Sources */,
				3F4FC8062355D4D000E119E3 /* RecommendHomeTableCell.swift in Sources */,
				3F4FC844235861FC00E119E3 /* user_info.pb.swift in Sources */,
				3F4FC7F72355D4AF00E119E3 /* StepModel.swift in Sources */,
				3F4FC8342355D59700E119E3 /* CustomAVController.swift in Sources */,
				3F4FC7EB2355D49E00E119E3 /* ViewPagerTabView.swift in Sources */,
				3F4FC7F62355D4AF00E119E3 /* IngredientModel.swift in Sources */,
				3F4FC82E2355D57D00E119E3 /* RecipeDetailViewController.swift in Sources */,
				3F4FC80F2355D4EC00E119E3 /* CookingDetailViewController.swift in Sources */,
				3F4FC8052355D4D000E119E3 /* RecommendHomeCollectionCell.swift in Sources */,
				3F4FC82D2355D57D00E119E3 /* RecipeDetailTableCell.swift in Sources */,
				3F4FC7EE2355D49E00E119E3 /* ViewPagerTab.swift in Sources */,
				3F4FC81A2355D51200E119E3 /* GroceryListView.swift in Sources */,
				3F4FC8592359A9A200E119E3 /* ProfileModel.swift in Sources */,
				3F4FC8482358620800E119E3 /* login.grpc.swift in Sources */,
				3F288B34236A8423004B8B3C /* FoodDiaryTagView.swift in Sources */,
				3F4FC8072355D4D000E119E3 /* RecommendHomeView.swift in Sources */,
				3F4FC7FE2355D4BA00E119E3 /* MoreViewController.swift in Sources */,
				3F4FC8212355D52500E119E3 /* GroceryIngredientCell.swift in Sources */,
				3F4FC8182355D51200E119E3 /* GroceryTableCell.swift in Sources */,
				3F4FC8572359A56100E119E3 /* ProfileTableCell.swift in Sources */,
				3F4FC8242355D56800E119E3 /* ProgressViewController.swift in Sources */,
				3F4FC80E2355D4EC00E119E3 /* CookingStepViewController.swift in Sources */,
				3F4FC85E235D87A100E119E3 /* Constants.swift in Sources */,
				3F4FC82C2355D57D00E119E3 /* NutritionCardView.swift in Sources */,
				3F4FC8202355D52500E119E3 /* GroceryDetailView.swift in Sources */,
				3F4FC84B23595DE400E119E3 /* LoginDataManager.swift in Sources */,
				3F4FC7B42355D0CD00E119E3 /* AppDelegate.swift in Sources */,
				3F4FC86A2361486F00E119E3 /* recommendation.pb.swift in Sources */,
				3F4FC8192355D51200E119E3 /* GroceryListViewController.swift in Sources */,
				3F4FC8082355D4D000E119E3 /* RecommendHomeViewController.swift in Sources */,
				3F4FC7FD2355D4BA00E119E3 /* HomeTabViewController.swift in Sources */,
				3F4FC845235861FC00E119E3 /* login.pb.swift in Sources */,
				3F4FC7F92355D4AF00E119E3 /* GroceryItem.swift in Sources */,
				3F4FC8102355D4EC00E119E3 /* CookinStepView.swift in Sources */,
				3F4FC8092355D4D000E119E3 /* RecommendationCollectionFlowLayout.swift in Sources */,
				3F288B32236A8410004B8B3C /* FoodDiaryTagViewController.swift in Sources */,
				3F4FC81F2355D52500E119E3 /* GroceryDetailViewController.swift in Sources */,
				3F4FC860235EDF2600E119E3 /* ProfileDataService.swift in Sources */,
				3F4FC86C2361487B00E119E3 /* recommendation.grpc.swift in Sources */,
				3F4FC7EC2355D49E00E119E3 /* ViewPagerOptions.swift in Sources */,
				3F4FC7FA2355D4AF00E119E3 /* RecommendationModel.swift in Sources */,
				3F4FC86E2362D1F800E119E3 /* ProfileAvatarCell.swift in Sources */,
				3F4FC8132355D4FF00E119E3 /* FoodDiaryViewController.swift in Sources */,
				3F4FC7ED2355D49E00E119E3 /* ViewPager.swift in Sources */,
				3F4FC8552359A2B300E119E3 /* ProfileView.swift in Sources */,
				3F4FC8312355D57D00E119E3 /* RecipeHeaderView.swift in Sources */,
				3F4FC83F235811FD00E119E3 /* RecommendationDataManager.swift in Sources */,
				3F4FC8532359A2AA00E119E3 /* ProfileViewController.swift in Sources */,
				3F4FC8302355D57D00E119E3 /* RecipeFooterView.swift in Sources */,
				3F4FC85B235D628B00E119E3 /* LaunchPageViewControler.swift in Sources */,
				3F4FC82F2355D57D00E119E3 /* RecipeDetailView.swift in Sources */,
			);
			runOnlyForDeploymentPostprocessing = 0;
		};
		3F4FC7C02355D0CF00E119E3 /* Sources */ = {
			isa = PBXSourcesBuildPhase;
			buildActionMask = 2147483647;
			files = (
				3F4FC7C92355D0CF00E119E3 /* fitgramTests.swift in Sources */,
			);
			runOnlyForDeploymentPostprocessing = 0;
		};
		3F4FC7CB2355D0CF00E119E3 /* Sources */ = {
			isa = PBXSourcesBuildPhase;
			buildActionMask = 2147483647;
			files = (
				3F4FC7D42355D0CF00E119E3 /* fitgramUITests.swift in Sources */,
			);
			runOnlyForDeploymentPostprocessing = 0;
		};
/* End PBXSourcesBuildPhase section */

/* Begin PBXTargetDependency section */
		3F4FC7C62355D0CF00E119E3 /* PBXTargetDependency */ = {
			isa = PBXTargetDependency;
			target = 3F4FC7AF2355D0CD00E119E3 /* fitgram */;
			targetProxy = 3F4FC7C52355D0CF00E119E3 /* PBXContainerItemProxy */;
		};
		3F4FC7D12355D0CF00E119E3 /* PBXTargetDependency */ = {
			isa = PBXTargetDependency;
			target = 3F4FC7AF2355D0CD00E119E3 /* fitgram */;
			targetProxy = 3F4FC7D02355D0CF00E119E3 /* PBXContainerItemProxy */;
		};
/* End PBXTargetDependency section */

/* Begin PBXVariantGroup section */
		3F4FC7B72355D0CD00E119E3 /* Main.storyboard */ = {
			isa = PBXVariantGroup;
			children = (
				3F4FC7B82355D0CD00E119E3 /* Base */,
			);
			name = Main.storyboard;
			sourceTree = "<group>";
		};
		3F4FC7BC2355D0CF00E119E3 /* LaunchScreen.storyboard */ = {
			isa = PBXVariantGroup;
			children = (
				3F4FC7BD2355D0CF00E119E3 /* Base */,
			);
			name = LaunchScreen.storyboard;
			sourceTree = "<group>";
		};
/* End PBXVariantGroup section */

/* Begin XCBuildConfiguration section */
		3F4FC7D62355D0CF00E119E3 /* Debug */ = {
			isa = XCBuildConfiguration;
			buildSettings = {
				ALWAYS_SEARCH_USER_PATHS = NO;
				CLANG_ANALYZER_NONNULL = YES;
				CLANG_ANALYZER_NUMBER_OBJECT_CONVERSION = YES_AGGRESSIVE;
				CLANG_CXX_LANGUAGE_STANDARD = "gnu++14";
				CLANG_CXX_LIBRARY = "libc++";
				CLANG_ENABLE_MODULES = YES;
				CLANG_ENABLE_OBJC_ARC = YES;
				CLANG_ENABLE_OBJC_WEAK = YES;
				CLANG_WARN_BLOCK_CAPTURE_AUTORELEASING = YES;
				CLANG_WARN_BOOL_CONVERSION = YES;
				CLANG_WARN_COMMA = YES;
				CLANG_WARN_CONSTANT_CONVERSION = YES;
				CLANG_WARN_DEPRECATED_OBJC_IMPLEMENTATIONS = YES;
				CLANG_WARN_DIRECT_OBJC_ISA_USAGE = YES_ERROR;
				CLANG_WARN_DOCUMENTATION_COMMENTS = YES;
				CLANG_WARN_EMPTY_BODY = YES;
				CLANG_WARN_ENUM_CONVERSION = YES;
				CLANG_WARN_INFINITE_RECURSION = YES;
				CLANG_WARN_INT_CONVERSION = YES;
				CLANG_WARN_NON_LITERAL_NULL_CONVERSION = YES;
				CLANG_WARN_OBJC_IMPLICIT_RETAIN_SELF = YES;
				CLANG_WARN_OBJC_LITERAL_CONVERSION = YES;
				CLANG_WARN_OBJC_ROOT_CLASS = YES_ERROR;
				CLANG_WARN_RANGE_LOOP_ANALYSIS = YES;
				CLANG_WARN_STRICT_PROTOTYPES = YES;
				CLANG_WARN_SUSPICIOUS_MOVE = YES;
				CLANG_WARN_UNGUARDED_AVAILABILITY = YES_AGGRESSIVE;
				CLANG_WARN_UNREACHABLE_CODE = YES;
				CLANG_WARN__DUPLICATE_METHOD_MATCH = YES;
				CODE_SIGN_IDENTITY = "iPhone Developer";
				COPY_PHASE_STRIP = NO;
				DEBUG_INFORMATION_FORMAT = dwarf;
				ENABLE_STRICT_OBJC_MSGSEND = YES;
				ENABLE_TESTABILITY = YES;
				GCC_C_LANGUAGE_STANDARD = gnu11;
				GCC_DYNAMIC_NO_PIC = NO;
				GCC_NO_COMMON_BLOCKS = YES;
				GCC_OPTIMIZATION_LEVEL = 0;
				GCC_PREPROCESSOR_DEFINITIONS = (
					"DEBUG=1",
					"$(inherited)",
				);
				GCC_WARN_64_TO_32_BIT_CONVERSION = YES;
				GCC_WARN_ABOUT_RETURN_TYPE = YES_ERROR;
				GCC_WARN_UNDECLARED_SELECTOR = YES;
				GCC_WARN_UNINITIALIZED_AUTOS = YES_AGGRESSIVE;
				GCC_WARN_UNUSED_FUNCTION = YES;
				GCC_WARN_UNUSED_VARIABLE = YES;
				IPHONEOS_DEPLOYMENT_TARGET = 12.2;
				MTL_ENABLE_DEBUG_INFO = INCLUDE_SOURCE;
				MTL_FAST_MATH = YES;
				ONLY_ACTIVE_ARCH = YES;
				SDKROOT = iphoneos;
				SWIFT_ACTIVE_COMPILATION_CONDITIONS = DEBUG;
				SWIFT_OPTIMIZATION_LEVEL = "-Onone";
			};
			name = Debug;
		};
		3F4FC7D72355D0CF00E119E3 /* Release */ = {
			isa = XCBuildConfiguration;
			buildSettings = {
				ALWAYS_SEARCH_USER_PATHS = NO;
				CLANG_ANALYZER_NONNULL = YES;
				CLANG_ANALYZER_NUMBER_OBJECT_CONVERSION = YES_AGGRESSIVE;
				CLANG_CXX_LANGUAGE_STANDARD = "gnu++14";
				CLANG_CXX_LIBRARY = "libc++";
				CLANG_ENABLE_MODULES = YES;
				CLANG_ENABLE_OBJC_ARC = YES;
				CLANG_ENABLE_OBJC_WEAK = YES;
				CLANG_WARN_BLOCK_CAPTURE_AUTORELEASING = YES;
				CLANG_WARN_BOOL_CONVERSION = YES;
				CLANG_WARN_COMMA = YES;
				CLANG_WARN_CONSTANT_CONVERSION = YES;
				CLANG_WARN_DEPRECATED_OBJC_IMPLEMENTATIONS = YES;
				CLANG_WARN_DIRECT_OBJC_ISA_USAGE = YES_ERROR;
				CLANG_WARN_DOCUMENTATION_COMMENTS = YES;
				CLANG_WARN_EMPTY_BODY = YES;
				CLANG_WARN_ENUM_CONVERSION = YES;
				CLANG_WARN_INFINITE_RECURSION = YES;
				CLANG_WARN_INT_CONVERSION = YES;
				CLANG_WARN_NON_LITERAL_NULL_CONVERSION = YES;
				CLANG_WARN_OBJC_IMPLICIT_RETAIN_SELF = YES;
				CLANG_WARN_OBJC_LITERAL_CONVERSION = YES;
				CLANG_WARN_OBJC_ROOT_CLASS = YES_ERROR;
				CLANG_WARN_RANGE_LOOP_ANALYSIS = YES;
				CLANG_WARN_STRICT_PROTOTYPES = YES;
				CLANG_WARN_SUSPICIOUS_MOVE = YES;
				CLANG_WARN_UNGUARDED_AVAILABILITY = YES_AGGRESSIVE;
				CLANG_WARN_UNREACHABLE_CODE = YES;
				CLANG_WARN__DUPLICATE_METHOD_MATCH = YES;
				CODE_SIGN_IDENTITY = "iPhone Developer";
				COPY_PHASE_STRIP = NO;
				DEBUG_INFORMATION_FORMAT = "dwarf-with-dsym";
				ENABLE_NS_ASSERTIONS = NO;
				ENABLE_STRICT_OBJC_MSGSEND = YES;
				GCC_C_LANGUAGE_STANDARD = gnu11;
				GCC_NO_COMMON_BLOCKS = YES;
				GCC_WARN_64_TO_32_BIT_CONVERSION = YES;
				GCC_WARN_ABOUT_RETURN_TYPE = YES_ERROR;
				GCC_WARN_UNDECLARED_SELECTOR = YES;
				GCC_WARN_UNINITIALIZED_AUTOS = YES_AGGRESSIVE;
				GCC_WARN_UNUSED_FUNCTION = YES;
				GCC_WARN_UNUSED_VARIABLE = YES;
				IPHONEOS_DEPLOYMENT_TARGET = 12.2;
				MTL_ENABLE_DEBUG_INFO = NO;
				MTL_FAST_MATH = YES;
				SDKROOT = iphoneos;
				SWIFT_COMPILATION_MODE = wholemodule;
				SWIFT_OPTIMIZATION_LEVEL = "-O";
				VALIDATE_PRODUCT = YES;
			};
			name = Release;
		};
		3F4FC7D92355D0CF00E119E3 /* Debug */ = {
			isa = XCBuildConfiguration;
			baseConfigurationReference = 251FD795F7F7469D48EBFC0E /* Pods-fitgram.debug.xcconfig */;
			buildSettings = {
				ASSETCATALOG_COMPILER_APPICON_NAME = AppIcon;
				CODE_SIGN_STYLE = Automatic;
				DEVELOPMENT_TEAM = 8W82VH8H4G;
				INFOPLIST_FILE = fitgram/Info.plist;
				LD_RUNPATH_SEARCH_PATHS = (
					"$(inherited)",
					"@executable_path/Frameworks",
				);
				PRODUCT_BUNDLE_IDENTIFIER = sg.next.fitgram.fitgram;
				PRODUCT_NAME = "$(TARGET_NAME)";
				SWIFT_VERSION = 5.0;
				TARGETED_DEVICE_FAMILY = "1,2";
			};
			name = Debug;
		};
		3F4FC7DA2355D0CF00E119E3 /* Release */ = {
			isa = XCBuildConfiguration;
			baseConfigurationReference = B35A9FBCB9C16941669597C0 /* Pods-fitgram.release.xcconfig */;
			buildSettings = {
				ASSETCATALOG_COMPILER_APPICON_NAME = AppIcon;
				CODE_SIGN_STYLE = Automatic;
				DEVELOPMENT_TEAM = 8W82VH8H4G;
				INFOPLIST_FILE = fitgram/Info.plist;
				LD_RUNPATH_SEARCH_PATHS = (
					"$(inherited)",
					"@executable_path/Frameworks",
				);
				PRODUCT_BUNDLE_IDENTIFIER = sg.next.fitgram.fitgram;
				PRODUCT_NAME = "$(TARGET_NAME)";
				SWIFT_VERSION = 5.0;
				TARGETED_DEVICE_FAMILY = "1,2";
			};
			name = Release;
		};
		3F4FC7DC2355D0CF00E119E3 /* Debug */ = {
			isa = XCBuildConfiguration;
			baseConfigurationReference = 1BDDEF0C18BE8D14A8C9C3C8 /* Pods-fitgramTests.debug.xcconfig */;
			buildSettings = {
				ALWAYS_EMBED_SWIFT_STANDARD_LIBRARIES = YES;
				BUNDLE_LOADER = "$(TEST_HOST)";
				CODE_SIGN_STYLE = Automatic;
				DEVELOPMENT_TEAM = 8W82VH8H4G;
				INFOPLIST_FILE = fitgramTests/Info.plist;
				LD_RUNPATH_SEARCH_PATHS = (
					"$(inherited)",
					"@executable_path/Frameworks",
					"@loader_path/Frameworks",
				);
				PRODUCT_BUNDLE_IDENTIFIER = sg.next.fitgram.fitgramTests;
				PRODUCT_NAME = "$(TARGET_NAME)";
				SWIFT_VERSION = 5.0;
				TARGETED_DEVICE_FAMILY = "1,2";
				TEST_HOST = "$(BUILT_PRODUCTS_DIR)/fitgram.app/fitgram";
			};
			name = Debug;
		};
		3F4FC7DD2355D0CF00E119E3 /* Release */ = {
			isa = XCBuildConfiguration;
			baseConfigurationReference = 251A9D2228C00BE0FC5ED597 /* Pods-fitgramTests.release.xcconfig */;
			buildSettings = {
				ALWAYS_EMBED_SWIFT_STANDARD_LIBRARIES = YES;
				BUNDLE_LOADER = "$(TEST_HOST)";
				CODE_SIGN_STYLE = Automatic;
				DEVELOPMENT_TEAM = 8W82VH8H4G;
				INFOPLIST_FILE = fitgramTests/Info.plist;
				LD_RUNPATH_SEARCH_PATHS = (
					"$(inherited)",
					"@executable_path/Frameworks",
					"@loader_path/Frameworks",
				);
				PRODUCT_BUNDLE_IDENTIFIER = sg.next.fitgram.fitgramTests;
				PRODUCT_NAME = "$(TARGET_NAME)";
				SWIFT_VERSION = 5.0;
				TARGETED_DEVICE_FAMILY = "1,2";
				TEST_HOST = "$(BUILT_PRODUCTS_DIR)/fitgram.app/fitgram";
			};
			name = Release;
		};
		3F4FC7DF2355D0CF00E119E3 /* Debug */ = {
			isa = XCBuildConfiguration;
			baseConfigurationReference = 0891FC7D36A3FC598552315F /* Pods-fitgramUITests.debug.xcconfig */;
			buildSettings = {
				ALWAYS_EMBED_SWIFT_STANDARD_LIBRARIES = YES;
				CODE_SIGN_STYLE = Automatic;
				DEVELOPMENT_TEAM = 8W82VH8H4G;
				INFOPLIST_FILE = fitgramUITests/Info.plist;
				LD_RUNPATH_SEARCH_PATHS = (
					"$(inherited)",
					"@executable_path/Frameworks",
					"@loader_path/Frameworks",
				);
				PRODUCT_BUNDLE_IDENTIFIER = sg.next.fitgram.fitgramUITests;
				PRODUCT_NAME = "$(TARGET_NAME)";
				SWIFT_VERSION = 5.0;
				TARGETED_DEVICE_FAMILY = "1,2";
				TEST_TARGET_NAME = fitgram;
			};
			name = Debug;
		};
		3F4FC7E02355D0CF00E119E3 /* Release */ = {
			isa = XCBuildConfiguration;
			baseConfigurationReference = 335E2D42D00A90EC15280EFB /* Pods-fitgramUITests.release.xcconfig */;
			buildSettings = {
				ALWAYS_EMBED_SWIFT_STANDARD_LIBRARIES = YES;
				CODE_SIGN_STYLE = Automatic;
				DEVELOPMENT_TEAM = 8W82VH8H4G;
				INFOPLIST_FILE = fitgramUITests/Info.plist;
				LD_RUNPATH_SEARCH_PATHS = (
					"$(inherited)",
					"@executable_path/Frameworks",
					"@loader_path/Frameworks",
				);
				PRODUCT_BUNDLE_IDENTIFIER = sg.next.fitgram.fitgramUITests;
				PRODUCT_NAME = "$(TARGET_NAME)";
				SWIFT_VERSION = 5.0;
				TARGETED_DEVICE_FAMILY = "1,2";
				TEST_TARGET_NAME = fitgram;
			};
			name = Release;
		};
/* End XCBuildConfiguration section */

/* Begin XCConfigurationList section */
		3F4FC7AB2355D0CD00E119E3 /* Build configuration list for PBXProject "fitgram" */ = {
			isa = XCConfigurationList;
			buildConfigurations = (
				3F4FC7D62355D0CF00E119E3 /* Debug */,
				3F4FC7D72355D0CF00E119E3 /* Release */,
			);
			defaultConfigurationIsVisible = 0;
			defaultConfigurationName = Release;
		};
		3F4FC7D82355D0CF00E119E3 /* Build configuration list for PBXNativeTarget "fitgram" */ = {
			isa = XCConfigurationList;
			buildConfigurations = (
				3F4FC7D92355D0CF00E119E3 /* Debug */,
				3F4FC7DA2355D0CF00E119E3 /* Release */,
			);
			defaultConfigurationIsVisible = 0;
			defaultConfigurationName = Release;
		};
		3F4FC7DB2355D0CF00E119E3 /* Build configuration list for PBXNativeTarget "fitgramTests" */ = {
			isa = XCConfigurationList;
			buildConfigurations = (
				3F4FC7DC2355D0CF00E119E3 /* Debug */,
				3F4FC7DD2355D0CF00E119E3 /* Release */,
			);
			defaultConfigurationIsVisible = 0;
			defaultConfigurationName = Release;
		};
		3F4FC7DE2355D0CF00E119E3 /* Build configuration list for PBXNativeTarget "fitgramUITests" */ = {
			isa = XCConfigurationList;
			buildConfigurations = (
				3F4FC7DF2355D0CF00E119E3 /* Debug */,
				3F4FC7E02355D0CF00E119E3 /* Release */,
			);
			defaultConfigurationIsVisible = 0;
			defaultConfigurationName = Release;
		};
/* End XCConfigurationList section */
	};
	rootObject = 3F4FC7A82355D0CD00E119E3 /* Project object */;
}
