PODS:
  - AADraggableView (1.0)
  - AliyunOSSiOS (2.10.7)
  - ASPCircleChart (3.0.0)
  - BoringSSL-GRPC (0.0.3):
    - BoringSSL-GRPC/Implementation (= 0.0.3)
    - BoringSSL-GRPC/Interface (= 0.0.3)
  - BoringSSL-GRPC/Implementation (0.0.3):
    - BoringSSL-GRPC/Interface (= 0.0.3)
  - BoringSSL-GRPC/Interface (0.0.3)
  - Charts (3.3.0):
    - Charts/Core (= 3.3.0)
  - Charts/Core (3.3.0)
  - EPCalendarPicker (1.0.9)
  - gRPC-Core (1.19.0):
    - gRPC-Core/Implementation (= 1.19.0)
    - gRPC-Core/Interface (= 1.19.0)
  - gRPC-Core/Implementation (1.19.0):
    - BoringSSL-GRPC (= 0.0.3)
    - gRPC-Core/Interface (= 1.19.0)
    - nanopb (~> 0.3)
  - gRPC-Core/Interface (1.19.0)
  - Kingfisher (5.7.1)
  - KWVerificationCodeView (0.4.0)
  - nanopb (0.3.901):
    - nanopb/decode (= 0.3.901)
    - nanopb/encode (= 0.3.901)
  - nanopb/decode (0.3.901)
  - nanopb/encode (0.3.901)
  - SteviaLayout (4.5.0)
  - SwiftGRPC (0.9.1):
    - gRPC-Core (~> 1.19.0)
    - SwiftProtobuf (~> 1.5.0)
  - SwiftProtobuf (1.5.0)

DEPENDENCIES:
  - AADraggableView
  - AliyunOSSiOS
  - ASPCircleChart
  - Charts
  - EPCalendarPicker
  - Kingfisher
  - KWVerificationCodeView
  - SteviaLayout
  - SwiftGRPC

SPEC REPOS:
  https://github.com/cocoapods/specs.git:
    - AADraggableView
    - AliyunOSSiOS
    - ASPCircleChart
    - BoringSSL-GRPC
    - Charts
    - EPCalendarPicker
    - gRPC-Core
    - Kingfisher
    - KWVerificationCodeView
    - nanopb
    - SteviaLayout
    - SwiftGRPC
    - SwiftProtobuf

SPEC CHECKSUMS:
  AADraggableView: 964288413ae872baca1fd68d7476385d8913926d
  AliyunOSSiOS: 602b6a4e70e62a5f0a6431c20496343141d7e66f
  ASPCircleChart: c1437eb07adffcf66aa04a666e3849e6fc5f3f71
  BoringSSL-GRPC: db8764df3204ccea016e1c8dd15d9a9ad63ff318
  Charts: e0dd4cd8f257bccf98407b58183ddca8e8d5b578
  EPCalendarPicker: f6d39acc73f6df2bd78e963ed7f59b6949df2eaa
  gRPC-Core: bd9472c8daa2e414b9f8038ba667bf56ce0e02b8
  Kingfisher: 176d377ad339113c99ad4980cbae687f807e20fe
  KWVerificationCodeView: 92cca6ad028546d3232fa75cda3a40d00109a1a2
  nanopb: 2901f78ea1b7b4015c860c2fdd1ea2fee1a18d48
  SteviaLayout: aa64a62810544348c9e328a6521cb9160fa82ec6
  SwiftGRPC: 43d3e8db88f97e7386bd44f159ecdfad02ce3362
  SwiftProtobuf: 241400280f912735c1e1b9fe675fdd2c6c4d42e2

PODFILE CHECKSUM: 1fd49627e735022591a0b12b82462a9e510ccc9d

COCOAPODS: 1.5.3
